
Microsoft Visual Studio Solution File, Format Version 12.00
# Visual Studio 15
VisualStudioVersion = 15.0.26430.16
MinimumVisualStudioVersion = 10.0.40219.1
Project("{FAE04EC0-301F-11D3-BF4B-00C04F79EFBC}") = "TrailMakers.Android", "TrailMakers\TrailMakers.Android\TrailMakers.Android.csproj", "{1706A790-C1E8-4A63-8E94-52B07D600642}"
EndProject
Project("{FAE04EC0-301F-11D3-BF4B-00C04F79EFBC}") = "TrailMakers", "TrailMakers\TrailMakers\TrailMakers.csproj", "{044515C5-C2A1-4D5B-919F-0FE29ED4433B}"
EndProject
Project("{FAE04EC0-301F-11D3-BF4B-00C04F79EFBC}") = "TrailMakers.iOS", "TrailMakers\TrailMakers.iOS\TrailMakers.iOS.csproj", "{36EC0B3B-D72F-4AE4-934A-EA74F4857421}"
EndProject
Global
	GlobalSection(SolutionConfigurationPlatforms) = preSolution
		Ad-Hoc|Any CPU = Ad-Hoc|Any CPU
		Ad-Hoc|iPhone = Ad-Hoc|iPhone
		Ad-Hoc|iPhoneSimulator = Ad-Hoc|iPhoneSimulator
		AppStore|Any CPU = AppStore|Any CPU
		AppStore|iPhone = AppStore|iPhone
		AppStore|iPhoneSimulator = AppStore|iPhoneSimulator
		Debug|Any CPU = Debug|Any CPU
		Debug|iPhone = Debug|iPhone
		Debug|iPhoneSimulator = Debug|iPhoneSimulator
		Release|Any CPU = Release|Any CPU
		Release|iPhone = Release|iPhone
		Release|iPhoneSimulator = Release|iPhoneSimulator
	EndGlobalSection
	GlobalSection(ProjectConfigurationPlatforms) = postSolution
		{1706A790-C1E8-4A63-8E94-52B07D600642}.Ad-Hoc|Any CPU.ActiveCfg = Release|Any CPU
		{1706A790-C1E8-4A63-8E94-52B07D600642}.Ad-Hoc|Any CPU.Build.0 = Release|Any CPU
		{1706A790-C1E8-4A63-8E94-52B07D600642}.Ad-Hoc|Any CPU.Deploy.0 = Release|Any CPU
		{1706A790-C1E8-4A63-8E94-52B07D600642}.Ad-Hoc|iPhone.ActiveCfg = Release|Any CPU
		{1706A790-C1E8-4A63-8E94-52B07D600642}.Ad-Hoc|iPhone.Build.0 = Release|Any CPU
		{1706A790-C1E8-4A63-8E94-52B07D600642}.Ad-Hoc|iPhone.Deploy.0 = Release|Any CPU
		{1706A790-C1E8-4A63-8E94-52B07D600642}.Ad-Hoc|iPhoneSimulator.ActiveCfg = Release|Any CPU
		{1706A790-C1E8-4A63-8E94-52B07D600642}.Ad-Hoc|iPhoneSimulator.Build.0 = Release|Any CPU
		{1706A790-C1E8-4A63-8E94-52B07D600642}.Ad-Hoc|iPhoneSimulator.Deploy.0 = Release|Any CPU
		{1706A790-C1E8-4A63-8E94-52B07D600642}.AppStore|Any CPU.ActiveCfg = Release|Any CPU
		{1706A790-C1E8-4A63-8E94-52B07D600642}.AppStore|Any CPU.Build.0 = Release|Any CPU
		{1706A790-C1E8-4A63-8E94-52B07D600642}.AppStore|Any CPU.Deploy.0 = Release|Any CPU
		{1706A790-C1E8-4A63-8E94-52B07D600642}.AppStore|iPhone.ActiveCfg = Release|Any CPU
		{1706A790-C1E8-4A63-8E94-52B07D600642}.AppStore|iPhone.Build.0 = Release|Any CPU
		{1706A790-C1E8-4A63-8E94-52B07D600642}.AppStore|iPhone.Deploy.0 = Release|Any CPU
		{1706A790-C1E8-4A63-8E94-52B07D600642}.AppStore|iPhoneSimulator.ActiveCfg = Release|Any CPU
		{1706A790-C1E8-4A63-8E94-52B07D600642}.AppStore|iPhoneSimulator.Build.0 = Release|Any CPU
		{1706A790-C1E8-4A63-8E94-52B07D600642}.AppStore|iPhoneSimulator.Deploy.0 = Release|Any CPU
		{1706A790-C1E8-4A63-8E94-52B07D600642}.Debug|Any CPU.ActiveCfg = Debug|Any CPU
		{1706A790-C1E8-4A63-8E94-52B07D600642}.Debug|Any CPU.Build.0 = Debug|Any CPU
		{1706A790-C1E8-4A63-8E94-52B07D600642}.Debug|Any CPU.Deploy.0 = Debug|Any CPU
		{1706A790-C1E8-4A63-8E94-52B07D600642}.Debug|iPhone.ActiveCfg = Debug|Any CPU
		{1706A790-C1E8-4A63-8E94-52B07D600642}.Debug|iPhone.Build.0 = Debug|Any CPU
		{1706A790-C1E8-4A63-8E94-52B07D600642}.Debug|iPhone.Deploy.0 = Debug|Any CPU
		{1706A790-C1E8-4A63-8E94-52B07D600642}.Debug|iPhoneSimulator.ActiveCfg = Debug|Any CPU
		{1706A790-C1E8-4A63-8E94-52B07D600642}.Debug|iPhoneSimulator.Build.0 = Debug|Any CPU
		{1706A790-C1E8-4A63-8E94-52B07D600642}.Debug|iPhoneSimulator.Deploy.0 = Debug|Any CPU
		{1706A790-C1E8-4A63-8E94-52B07D600642}.Release|Any CPU.ActiveCfg = Release|Any CPU
		{1706A790-C1E8-4A63-8E94-52B07D600642}.Release|Any CPU.Build.0 = Release|Any CPU
		{1706A790-C1E8-4A63-8E94-52B07D600642}.Release|Any CPU.Deploy.0 = Release|Any CPU
		{1706A790-C1E8-4A63-8E94-52B07D600642}.Release|iPhone.ActiveCfg = Release|Any CPU
		{1706A790-C1E8-4A63-8E94-52B07D600642}.Release|iPhone.Build.0 = Release|Any CPU
		{1706A790-C1E8-4A63-8E94-52B07D600642}.Release|iPhone.Deploy.0 = Release|Any CPU
		{1706A790-C1E8-4A63-8E94-52B07D600642}.Release|iPhoneSimulator.ActiveCfg = Release|Any CPU
		{1706A790-C1E8-4A63-8E94-52B07D600642}.Release|iPhoneSimulator.Build.0 = Release|Any CPU
		{1706A790-C1E8-4A63-8E94-52B07D600642}.Release|iPhoneSimulator.Deploy.0 = Release|Any CPU
		{044515C5-C2A1-4D5B-919F-0FE29ED4433B}.Ad-Hoc|Any CPU.ActiveCfg = Release|Any CPU
		{044515C5-C2A1-4D5B-919F-0FE29ED4433B}.Ad-Hoc|Any CPU.Build.0 = Release|Any CPU
		{044515C5-C2A1-4D5B-919F-0FE29ED4433B}.Ad-Hoc|iPhone.ActiveCfg = Release|Any CPU
		{044515C5-C2A1-4D5B-919F-0FE29ED4433B}.Ad-Hoc|iPhone.Build.0 = Release|Any CPU
		{044515C5-C2A1-4D5B-919F-0FE29ED4433B}.Ad-Hoc|iPhoneSimulator.ActiveCfg = Release|Any CPU
		{044515C5-C2A1-4D5B-919F-0FE29ED4433B}.Ad-Hoc|iPhoneSimulator.Build.0 = Release|Any CPU
		{044515C5-C2A1-4D5B-919F-0FE29ED4433B}.AppStore|Any CPU.ActiveCfg = Release|Any CPU
		{044515C5-C2A1-4D5B-919F-0FE29ED4433B}.AppStore|Any CPU.Build.0 = Release|Any CPU
		{044515C5-C2A1-4D5B-919F-0FE29ED4433B}.AppStore|iPhone.ActiveCfg = Release|Any CPU
		{044515C5-C2A1-4D5B-919F-0FE29ED4433B}.AppStore|iPhone.Build.0 = Release|Any CPU
		{044515C5-C2A1-4D5B-919F-0FE29ED4433B}.AppStore|iPhoneSimulator.ActiveCfg = Release|Any CPU
		{044515C5-C2A1-4D5B-919F-0FE29ED4433B}.AppStore|iPhoneSimulator.Build.0 = Release|Any CPU
		{044515C5-C2A1-4D5B-919F-0FE29ED4433B}.Debug|Any CPU.ActiveCfg = Debug|Any CPU
		{044515C5-C2A1-4D5B-919F-0FE29ED4433B}.Debug|Any CPU.Build.0 = Debug|Any CPU
		{044515C5-C2A1-4D5B-919F-0FE29ED4433B}.Debug|iPhone.ActiveCfg = Debug|Any CPU
		{044515C5-C2A1-4D5B-919F-0FE29ED4433B}.Debug|iPhone.Build.0 = Debug|Any CPU
		{044515C5-C2A1-4D5B-919F-0FE29ED4433B}.Debug|iPhoneSimulator.ActiveCfg = Debug|Any CPU
		{044515C5-C2A1-4D5B-919F-0FE29ED4433B}.Debug|iPhoneSimulator.Build.0 = Debug|Any CPU
		{044515C5-C2A1-4D5B-919F-0FE29ED4433B}.Release|Any CPU.ActiveCfg = Release|Any CPU
		{044515C5-C2A1-4D5B-919F-0FE29ED4433B}.Release|Any CPU.Build.0 = Release|Any CPU
		{044515C5-C2A1-4D5B-919F-0FE29ED4433B}.Release|iPhone.ActiveCfg = Release|Any CPU
		{044515C5-C2A1-4D5B-919F-0FE29ED4433B}.Release|iPhone.Build.0 = Release|Any CPU
		{044515C5-C2A1-4D5B-919F-0FE29ED4433B}.Release|iPhoneSimulator.ActiveCfg = Release|Any CPU
		{044515C5-C2A1-4D5B-919F-0FE29ED4433B}.Release|iPhoneSimulator.Build.0 = Release|Any CPU
		{36EC0B3B-D72F-4AE4-934A-EA74F4857421}.Ad-Hoc|Any CPU.ActiveCfg = Ad-Hoc|iPhone
		{36EC0B3B-D72F-4AE4-934A-EA74F4857421}.Ad-Hoc|iPhone.ActiveCfg = Ad-Hoc|iPhone
		{36EC0B3B-D72F-4AE4-934A-EA74F4857421}.Ad-Hoc|iPhone.Build.0 = Ad-Hoc|iPhone
		{36EC0B3B-D72F-4AE4-934A-EA74F4857421}.Ad-Hoc|iPhoneSimulator.ActiveCfg = Ad-Hoc|iPhoneSimulator
		{36EC0B3B-D72F-4AE4-934A-EA74F4857421}.Ad-Hoc|iPhoneSimulator.Build.0 = Ad-Hoc|iPhoneSimulator
		{36EC0B3B-D72F-4AE4-934A-EA74F4857421}.AppStore|Any CPU.ActiveCfg = AppStore|iPhone
		{36EC0B3B-D72F-4AE4-934A-EA74F4857421}.AppStore|iPhone.ActiveCfg = AppStore|iPhone
		{36EC0B3B-D72F-4AE4-934A-EA74F4857421}.AppStore|iPhone.Build.0 = AppStore|iPhone
		{36EC0B3B-D72F-4AE4-934A-EA74F4857421}.AppStore|iPhoneSimulator.ActiveCfg = AppStore|iPhoneSimulator
		{36EC0B3B-D72F-4AE4-934A-EA74F4857421}.AppStore|iPhoneSimulator.Build.0 = AppStore|iPhoneSimulator
		{36EC0B3B-D72F-4AE4-934A-EA74F4857421}.Debug|Any CPU.ActiveCfg = Debug|iPhone
		{36EC0B3B-D72F-4AE4-934A-EA74F4857421}.Debug|iPhone.ActiveCfg = Debug|iPhone
		{36EC0B3B-D72F-4AE4-934A-EA74F4857421}.Debug|iPhone.Build.0 = Debug|iPhone
		{36EC0B3B-D72F-4AE4-934A-EA74F4857421}.Debug|iPhoneSimulator.ActiveCfg = Debug|iPhoneSimulator
		{36EC0B3B-D72F-4AE4-934A-EA74F4857421}.Debug|iPhoneSimulator.Build.0 = Debug|iPhoneSimulator
		{36EC0B3B-D72F-4AE4-934A-EA74F4857421}.Release|Any CPU.ActiveCfg = Release|iPhone
		{36EC0B3B-D72F-4AE4-934A-EA74F4857421}.Release|iPhone.ActiveCfg = Release|iPhone
		{36EC0B3B-D72F-4AE4-934A-EA74F4857421}.Release|iPhone.Build.0 = Release|iPhone
		{36EC0B3B-D72F-4AE4-934A-EA74F4857421}.Release|iPhoneSimulator.ActiveCfg = Release|iPhoneSimulator
		{36EC0B3B-D72F-4AE4-934A-EA74F4857421}.Release|iPhoneSimulator.Build.0 = Release|iPhoneSimulator
	EndGlobalSection
	GlobalSection(SolutionProperties) = preSolution
		HideSolutionNode = FALSE
	EndGlobalSection
EndGlobal
